// !$*UTF8*$!
{
	archiveVersion = 1;
	classes = {
	};
	objectVersion = 50;
	objects = {

/* Begin PBXBuildFile section */
		0916787023B63B26009867CC /* ToDoTableViewCell.swift in Sources */ = {isa = PBXBuildFile; fileRef = 0916786F23B63B26009867CC /* ToDoTableViewCell.swift */; };
		0916787223B648DD009867CC /* EmployeeViewController.swift in Sources */ = {isa = PBXBuildFile; fileRef = 0916787123B648DD009867CC /* EmployeeViewController.swift */; };
		093C3D2F23B6315C00408953 /* AppDelegate.swift in Sources */ = {isa = PBXBuildFile; fileRef = 093C3D2E23B6315C00408953 /* AppDelegate.swift */; };
		093C3D3123B6315C00408953 /* SceneDelegate.swift in Sources */ = {isa = PBXBuildFile; fileRef = 093C3D3023B6315C00408953 /* SceneDelegate.swift */; };
		093C3D3323B6315C00408953 /* ToDoViewController.swift in Sources */ = {isa = PBXBuildFile; fileRef = 093C3D3223B6315C00408953 /* ToDoViewController.swift */; };
		093C3D3623B6315C00408953 /* Main.storyboard in Resources */ = {isa = PBXBuildFile; fileRef = 093C3D3423B6315C00408953 /* Main.storyboard */; };
		093C3D3923B6315C00408953 /* TaDaToDo.xcdatamodeld in Sources */ = {isa = PBXBuildFile; fileRef = 093C3D3723B6315C00408953 /* TaDaToDo.xcdatamodeld */; };
		093C3D3B23B6315C00408953 /* Assets.xcassets in Resources */ = {isa = PBXBuildFile; fileRef = 093C3D3A23B6315C00408953 /* Assets.xcassets */; };
		093C3D3E23B6315C00408953 /* LaunchScreen.storyboard in Resources */ = {isa = PBXBuildFile; fileRef = 093C3D3C23B6315C00408953 /* LaunchScreen.storyboard */; };
		09728BAD23B698FA00436F5D /* TrashListViewController.swift in Sources */ = {isa = PBXBuildFile; fileRef = 09728BAC23B698FA00436F5D /* TrashListViewController.swift */; };
		09B6C9A323B65411008CD8A3 /* Employee.swift in Sources */ = {isa = PBXBuildFile; fileRef = 09B6C9A223B65411008CD8A3 /* Employee.swift */; };
		09B6C9A523B65792008CD8A3 /* EmployeeTableViewCell.swift in Sources */ = {isa = PBXBuildFile; fileRef = 09B6C9A423B65792008CD8A3 /* EmployeeTableViewCell.swift */; };
/* End PBXBuildFile section */

/* Begin PBXFileReference section */
		0916786F23B63B26009867CC /* ToDoTableViewCell.swift */ = {isa = PBXFileReference; lastKnownFileType = sourcecode.swift; path = ToDoTableViewCell.swift; sourceTree = "<group>"; };
		0916787123B648DD009867CC /* EmployeeViewController.swift */ = {isa = PBXFileReference; lastKnownFileType = sourcecode.swift; path = EmployeeViewController.swift; sourceTree = "<group>"; };
		093C3D2B23B6315C00408953 /* TaDaToDo.app */ = {isa = PBXFileReference; explicitFileType = wrapper.application; includeInIndex = 0; path = TaDaToDo.app; sourceTree = BUILT_PRODUCTS_DIR; };
		093C3D2E23B6315C00408953 /* AppDelegate.swift */ = {isa = PBXFileReference; lastKnownFileType = sourcecode.swift; path = AppDelegate.swift; sourceTree = "<group>"; };
		093C3D3023B6315C00408953 /* SceneDelegate.swift */ = {isa = PBXFileReference; lastKnownFileType = sourcecode.swift; path = SceneDelegate.swift; sourceTree = "<group>"; };
		093C3D3223B6315C00408953 /* ToDoViewController.swift */ = {isa = PBXFileReference; lastKnownFileType = sourcecode.swift; path = ToDoViewController.swift; sourceTree = "<group>"; };
		093C3D3523B6315C00408953 /* Base */ = {isa = PBXFileReference; lastKnownFileType = file.storyboard; name = Base; path = Base.lproj/Main.storyboard; sourceTree = "<group>"; };
		093C3D3823B6315C00408953 /* TaDaToDo.xcdatamodel */ = {isa = PBXFileReference; lastKnownFileType = wrapper.xcdatamodel; path = TaDaToDo.xcdatamodel; sourceTree = "<group>"; };
		093C3D3A23B6315C00408953 /* Assets.xcassets */ = {isa = PBXFileReference; lastKnownFileType = folder.assetcatalog; path = Assets.xcassets; sourceTree = "<group>"; };
		093C3D3D23B6315C00408953 /* Base */ = {isa = PBXFileReference; lastKnownFileType = file.storyboard; name = Base; path = Base.lproj/LaunchScreen.storyboard; sourceTree = "<group>"; };
		093C3D3F23B6315C00408953 /* Info.plist */ = {isa = PBXFileReference; lastKnownFileType = text.plist.xml; path = Info.plist; sourceTree = "<group>"; };
		09728BAC23B698FA00436F5D /* TrashListViewController.swift */ = {isa = PBXFileReference; lastKnownFileType = sourcecode.swift; path = TrashListViewController.swift; sourceTree = "<group>"; };
		09B6C9A223B65411008CD8A3 /* Employee.swift */ = {isa = PBXFileReference; lastKnownFileType = sourcecode.swift; path = Employee.swift; sourceTree = "<group>"; };
		09B6C9A423B65792008CD8A3 /* EmployeeTableViewCell.swift */ = {isa = PBXFileReference; lastKnownFileType = sourcecode.swift; path = EmployeeTableViewCell.swift; sourceTree = "<group>"; };
/* End PBXFileReference section */

/* Begin PBXFrameworksBuildPhase section */
		093C3D2823B6315C00408953 /* Frameworks */ = {
			isa = PBXFrameworksBuildPhase;
			buildActionMask = 2147483647;
			files = (
			);
			runOnlyForDeploymentPostprocessing = 0;
		};
/* End PBXFrameworksBuildPhase section */

/* Begin PBXGroup section */
		093C3D2223B6315C00408953 = {
			isa = PBXGroup;
			children = (
				093C3D2D23B6315C00408953 /* TaDaToDo */,
				093C3D2C23B6315C00408953 /* Products */,
			);
			sourceTree = "<group>";
		};
		093C3D2C23B6315C00408953 /* Products */ = {
			isa = PBXGroup;
			children = (
				093C3D2B23B6315C00408953 /* TaDaToDo.app */,
			);
			name = Products;
			sourceTree = "<group>";
		};
		093C3D2D23B6315C00408953 /* TaDaToDo */ = {
			isa = PBXGroup;
			children = (
				093C3D2E23B6315C00408953 /* AppDelegate.swift */,
				093C3D3023B6315C00408953 /* SceneDelegate.swift */,
				093C3D3F23B6315C00408953 /* Info.plist */,
				093C3D3723B6315C00408953 /* TaDaToDo.xcdatamodeld */,
				09C8472123B63988001AC435 /* Supporing files */,
				09C8471D23B636C5001AC435 /* Model */,
				09C8471E23B636CC001AC435 /* View */,
				09C8471F23B636D3001AC435 /* Controller */,
			);
			path = TaDaToDo;
			sourceTree = "<group>";
		};
		09C8471D23B636C5001AC435 /* Model */ = {
			isa = PBXGroup;
			children = (
				09B6C9A223B65411008CD8A3 /* Employee.swift */,
			);
			path = Model;
			sourceTree = "<group>";
		};
		09C8471E23B636CC001AC435 /* View */ = {
			isa = PBXGroup;
			children = (
				093C3D3423B6315C00408953 /* Main.storyboard */,
				0916786F23B63B26009867CC /* ToDoTableViewCell.swift */,
				09B6C9A423B65792008CD8A3 /* EmployeeTableViewCell.swift */,
			);
			path = View;
			sourceTree = "<group>";
		};
		09C8471F23B636D3001AC435 /* Controller */ = {
			isa = PBXGroup;
			children = (
				093C3D3223B6315C00408953 /* ToDoViewController.swift */,
				09728BAC23B698FA00436F5D /* TrashListViewController.swift */,
				0916787123B648DD009867CC /* EmployeeViewController.swift */,
			);
			path = Controller;
			sourceTree = "<group>";
		};
		09C8472123B63988001AC435 /* Supporing files */ = {
			isa = PBXGroup;
			children = (
				093C3D3A23B6315C00408953 /* Assets.xcassets */,
				093C3D3C23B6315C00408953 /* LaunchScreen.storyboard */,
			);
			path = "Supporing files";
			sourceTree = "<group>";
		};
/* End PBXGroup section */

/* Begin PBXNativeTarget section */
		093C3D2A23B6315C00408953 /* TaDaToDo */ = {
			isa = PBXNativeTarget;
			buildConfigurationList = 093C3D4223B6315C00408953 /* Build configuration list for PBXNativeTarget "TaDaToDo" */;
			buildPhases = (
				093C3D2723B6315C00408953 /* Sources */,
				093C3D2823B6315C00408953 /* Frameworks */,
				093C3D2923B6315C00408953 /* Resources */,
			);
			buildRules = (
			);
			dependencies = (
			);
			name = TaDaToDo;
			productName = TaDaToDo;
			productReference = 093C3D2B23B6315C00408953 /* TaDaToDo.app */;
			productType = "com.apple.product-type.application";
		};
/* End PBXNativeTarget section */

/* Begin PBXProject section */
		093C3D2323B6315C00408953 /* Project object */ = {
			isa = PBXProject;
			attributes = {
				LastSwiftUpdateCheck = 1120;
				LastUpgradeCheck = 1120;
				ORGANIZATIONNAME = "Saurabh Mirajkar";
				TargetAttributes = {
					093C3D2A23B6315C00408953 = {
						CreatedOnToolsVersion = 11.2.1;
					};
				};
			};
			buildConfigurationList = 093C3D2623B6315C00408953 /* Build configuration list for PBXProject "TaDaToDo" */;
			compatibilityVersion = "Xcode 9.3";
			developmentRegion = en;
			hasScannedForEncodings = 0;
			knownRegions = (
				en,
				Base,
			);
			mainGroup = 093C3D2223B6315C00408953;
			productRefGroup = 093C3D2C23B6315C00408953 /* Products */;
			projectDirPath = "";
			projectRoot = "";
			targets = (
				093C3D2A23B6315C00408953 /* TaDaToDo */,
			);
		};
/* End PBXProject section */

/* Begin PBXResourcesBuildPhase section */
		093C3D2923B6315C00408953 /* Resources */ = {
			isa = PBXResourcesBuildPhase;
			buildActionMask = 2147483647;
			files = (
				093C3D3E23B6315C00408953 /* LaunchScreen.storyboard in Resources */,
				093C3D3B23B6315C00408953 /* Assets.xcassets in Resources */,
				093C3D3623B6315C00408953 /* Main.storyboard in Resources */,
			);
			runOnlyForDeploymentPostprocessing = 0;
		};
/* End PBXResourcesBuildPhase section */

/* Begin PBXSourcesBuildPhase section */
		093C3D2723B6315C00408953 /* Sources */ = {
			isa = PBXSourcesBuildPhase;
			buildActionMask = 2147483647;
			files = (
				093C3D3323B6315C00408953 /* ToDoViewController.swift in Sources */,
				09B6C9A523B65792008CD8A3 /* EmployeeTableViewCell.swift in Sources */,
				093C3D3923B6315C00408953 /* TaDaToDo.xcdatamodeld in Sources */,
				093C3D2F23B6315C00408953 /* AppDelegate.swift in Sources */,
				09B6C9A323B65411008CD8A3 /* Employee.swift in Sources */,
				093C3D3123B6315C00408953 /* SceneDelegate.swift in Sources */,
				0916787223B648DD009867CC /* EmployeeViewController.swift in Sources */,
				0916787023B63B26009867CC /* ToDoTableViewCell.swift in Sources */,
				09728BAD23B698FA00436F5D /* TrashListViewController.swift in Sources */,
			);
			runOnlyForDeploymentPostprocessing = 0;
		};
/* End PBXSourcesBuildPhase section */

/* Begin PBXVariantGroup section */
		093C3D3423B6315C00408953 /* Main.storyboard */ = {
			isa = PBXVariantGroup;
			children = (
				093C3D3523B6315C00408953 /* Base */,
			);
			name = Main.storyboard;
			sourceTree = "<group>";
		};
		093C3D3C23B6315C00408953 /* LaunchScreen.storyboard */ = {
			isa = PBXVariantGroup;
			children = (
				093C3D3D23B6315C00408953 /* Base */,
			);
			name = LaunchScreen.storyboard;
			sourceTree = "<group>";
		};
/* End PBXVariantGroup section */

/* Begin XCBuildConfiguration section */
		093C3D4023B6315C00408953 /* Debug */ = {
			isa = XCBuildConfiguration;
			buildSettings = {
				ALWAYS_SEARCH_USER_PATHS = NO;
				CLANG_ANALYZER_NONNULL = YES;
				CLANG_ANALYZER_NUMBER_OBJECT_CONVERSION = YES_AGGRESSIVE;
				CLANG_CXX_LANGUAGE_STANDARD = "gnu++14";
				CLANG_CXX_LIBRARY = "libc++";
				CLANG_ENABLE_MODULES = YES;
				CLANG_ENABLE_OBJC_ARC = YES;
				CLANG_ENABLE_OBJC_WEAK = YES;
				CLANG_WARN_BLOCK_CAPTURE_AUTORELEASING = YES;
				CLANG_WARN_BOOL_CONVERSION = YES;
				CLANG_WARN_COMMA = YES;
				CLANG_WARN_CONSTANT_CONVERSION = YES;
				CLANG_WARN_DEPRECATED_OBJC_IMPLEMENTATIONS = YES;
				CLANG_WARN_DIRECT_OBJC_ISA_USAGE = YES_ERROR;
				CLANG_WARN_DOCUMENTATION_COMMENTS = YES;
				CLANG_WARN_EMPTY_BODY = YES;
				CLANG_WARN_ENUM_CONVERSION = YES;
				CLANG_WARN_INFINITE_RECURSION = YES;
				CLANG_WARN_INT_CONVERSION = YES;
				CLANG_WARN_NON_LITERAL_NULL_CONVERSION = YES;
				CLANG_WARN_OBJC_IMPLICIT_RETAIN_SELF = YES;
				CLANG_WARN_OBJC_LITERAL_CONVERSION = YES;
				CLANG_WARN_OBJC_ROOT_CLASS = YES_ERROR;
				CLANG_WARN_RANGE_LOOP_ANALYSIS = YES;
				CLANG_WARN_STRICT_PROTOTYPES = YES;
				CLANG_WARN_SUSPICIOUS_MOVE = YES;
				CLANG_WARN_UNGUARDED_AVAILABILITY = YES_AGGRESSIVE;
				CLANG_WARN_UNREACHABLE_CODE = YES;
				CLANG_WARN__DUPLICATE_METHOD_MATCH = YES;
				COPY_PHASE_STRIP = NO;
				DEBUG_INFORMATION_FORMAT = dwarf;
				ENABLE_STRICT_OBJC_MSGSEND = YES;
				ENABLE_TESTABILITY = YES;
				GCC_C_LANGUAGE_STANDARD = gnu11;
				GCC_DYNAMIC_NO_PIC = NO;
				GCC_NO_COMMON_BLOCKS = YES;
				GCC_OPTIMIZATION_LEVEL = 0;
				GCC_PREPROCESSOR_DEFINITIONS = (
					"DEBUG=1",
					"$(inherited)",
				);
				GCC_WARN_64_TO_32_BIT_CONVERSION = YES;
				GCC_WARN_ABOUT_RETURN_TYPE = YES_ERROR;
				GCC_WARN_UNDECLARED_SELECTOR = YES;
				GCC_WARN_UNINITIALIZED_AUTOS = YES_AGGRESSIVE;
				GCC_WARN_UNUSED_FUNCTION = YES;
				GCC_WARN_UNUSED_VARIABLE = YES;
				IPHONEOS_DEPLOYMENT_TARGET = 13.2;
				MTL_ENABLE_DEBUG_INFO = INCLUDE_SOURCE;
				MTL_FAST_MATH = YES;
				ONLY_ACTIVE_ARCH = YES;
				SDKROOT = iphoneos;
				SWIFT_ACTIVE_COMPILATION_CONDITIONS = DEBUG;
				SWIFT_OPTIMIZATION_LEVEL = "-Onone";
			};
			name = Debug;
		};
		093C3D4123B6315C00408953 /* Release */ = {
			isa = XCBuildConfiguration;
			buildSettings = {
				ALWAYS_SEARCH_USER_PATHS = NO;
				CLANG_ANALYZER_NONNULL = YES;
				CLANG_ANALYZER_NUMBER_OBJECT_CONVERSION = YES_AGGRESSIVE;
				CLANG_CXX_LANGUAGE_STANDARD = "gnu++14";
				CLANG_CXX_LIBRARY = "libc++";
				CLANG_ENABLE_MODULES = YES;
				CLANG_ENABLE_OBJC_ARC = YES;
				CLANG_ENABLE_OBJC_WEAK = YES;
				CLANG_WARN_BLOCK_CAPTURE_AUTORELEASING = YES;
				CLANG_WARN_BOOL_CONVERSION = YES;
				CLANG_WARN_COMMA = YES;
				CLANG_WARN_CONSTANT_CONVERSION = YES;
				CLANG_WARN_DEPRECATED_OBJC_IMPLEMENTATIONS = YES;
				CLANG_WARN_DIRECT_OBJC_ISA_USAGE = YES_ERROR;
				CLANG_WARN_DOCUMENTATION_COMMENTS = YES;
				CLANG_WARN_EMPTY_BODY = YES;
				CLANG_WARN_ENUM_CONVERSION = YES;
				CLANG_WARN_INFINITE_RECURSION = YES;
				CLANG_WARN_INT_CONVERSION = YES;
				CLANG_WARN_NON_LITERAL_NULL_CONVERSION = YES;
				CLANG_WARN_OBJC_IMPLICIT_RETAIN_SELF = YES;
				CLANG_WARN_OBJC_LITERAL_CONVERSION = YES;
				CLANG_WARN_OBJC_ROOT_CLASS = YES_ERROR;
				CLANG_WARN_RANGE_LOOP_ANALYSIS = YES;
				CLANG_WARN_STRICT_PROTOTYPES = YES;
				CLANG_WARN_SUSPICIOUS_MOVE = YES;
				CLANG_WARN_UNGUARDED_AVAILABILITY = YES_AGGRESSIVE;
				CLANG_WARN_UNREACHABLE_CODE = YES;
				CLANG_WARN__DUPLICATE_METHOD_MATCH = YES;
				COPY_PHASE_STRIP = NO;
				DEBUG_INFORMATION_FORMAT = "dwarf-with-dsym";
				ENABLE_NS_ASSERTIONS = NO;
				ENABLE_STRICT_OBJC_MSGSEND = YES;
				GCC_C_LANGUAGE_STANDARD = gnu11;
				GCC_NO_COMMON_BLOCKS = YES;
				GCC_WARN_64_TO_32_BIT_CONVERSION = YES;
				GCC_WARN_ABOUT_RETURN_TYPE = YES_ERROR;
				GCC_WARN_UNDECLARED_SELECTOR = YES;
				GCC_WARN_UNINITIALIZED_AUTOS = YES_AGGRESSIVE;
				GCC_WARN_UNUSED_FUNCTION = YES;
				GCC_WARN_UNUSED_VARIABLE = YES;
				IPHONEOS_DEPLOYMENT_TARGET = 13.2;
				MTL_ENABLE_DEBUG_INFO = NO;
				MTL_FAST_MATH = YES;
				SDKROOT = iphoneos;
				SWIFT_COMPILATION_MODE = wholemodule;
				SWIFT_OPTIMIZATION_LEVEL = "-O";
				VALIDATE_PRODUCT = YES;
			};
			name = Release;
		};
		093C3D4323B6315C00408953 /* Debug */ = {
			isa = XCBuildConfiguration;
			buildSettings = {
				ASSETCATALOG_COMPILER_APPICON_NAME = AppIcon;
				CODE_SIGN_STYLE = Automatic;
				DEVELOPMENT_TEAM = C256LTRK3N;
				INFOPLIST_FILE = TaDaToDo/Info.plist;
				LD_RUNPATH_SEARCH_PATHS = (
					"$(inherited)",
					"@executable_path/Frameworks",
				);
				PRODUCT_BUNDLE_IDENTIFIER = com.saurabhmirajkar.TaDaToDo;
				PRODUCT_NAME = "$(TARGET_NAME)";
				SWIFT_VERSION = 5.0;
				TARGETED_DEVICE_FAMILY = "1,2";
			};
			name = Debug;
		};
		093C3D4423B6315C00408953 /* Release */ = {
			isa = XCBuildConfiguration;
			buildSettings = {
				ASSETCATALOG_COMPILER_APPICON_NAME = AppIcon;
				CODE_SIGN_STYLE = Automatic;
				DEVELOPMENT_TEAM = C256LTRK3N;
				INFOPLIST_FILE = TaDaToDo/Info.plist;
				LD_RUNPATH_SEARCH_PATHS = (
					"$(inherited)",
					"@executable_path/Frameworks",
				);
				PRODUCT_BUNDLE_IDENTIFIER = com.saurabhmirajkar.TaDaToDo;
				PRODUCT_NAME = "$(TARGET_NAME)";
				SWIFT_VERSION = 5.0;
				TARGETED_DEVICE_FAMILY = "1,2";
			};
			name = Release;
		};
/* End XCBuildConfiguration section */

/* Begin XCConfigurationList section */
		093C3D2623B6315C00408953 /* Build configuration list for PBXProject "TaDaToDo" */ = {
			isa = XCConfigurationList;
			buildConfigurations = (
				093C3D4023B6315C00408953 /* Debug */,
				093C3D4123B6315C00408953 /* Release */,
			);
			defaultConfigurationIsVisible = 0;
			defaultConfigurationName = Release;
		};
		093C3D4223B6315C00408953 /* Build configuration list for PBXNativeTarget "TaDaToDo" */ = {
			isa = XCConfigurationList;
			buildConfigurations = (
				093C3D4323B6315C00408953 /* Debug */,
				093C3D4423B6315C00408953 /* Release */,
			);
			defaultConfigurationIsVisible = 0;
			defaultConfigurationName = Release;
		};
/* End XCConfigurationList section */

/* Begin XCVersionGroup section */
		093C3D3723B6315C00408953 /* TaDaToDo.xcdatamodeld */ = {
			isa = XCVersionGroup;
			children = (
				093C3D3823B6315C00408953 /* TaDaToDo.xcdatamodel */,
			);
			currentVersion = 093C3D3823B6315C00408953 /* TaDaToDo.xcdatamodel */;
			path = TaDaToDo.xcdatamodeld;
			sourceTree = "<group>";
			versionGroupType = wrapper.xcdatamodel;
		};
/* End XCVersionGroup section */
	};
	rootObject = 093C3D2323B6315C00408953 /* Project object */;
}
